
Microsoft Visual Studio Solution File, Format Version 12.00
# Visual Studio 15
VisualStudioVersion = 15.0.26430.16
MinimumVisualStudioVersion = 10.0.40219.1
Project("{9A19103F-16F7-4668-BE54-9A1E7A4F7556}") = "UnitTestingSamples", "UnitTestingSamples\UnitTestingSamples.csproj", "{8509ACE5-EB29-4C93-BFA0-1572E0A3C74B}"
EndProject
Project("{FAE04EC0-301F-11D3-BF4B-00C04F79EFBC}") = "Demo", "Demo\Demo.csproj", "{BB4EE488-32D4-4A84-BCAE-31FBAA8DCEBD}"
EndProject
Global
	GlobalSection(SolutionConfigurationPlatforms) = preSolution
		Debug|Any CPU = Debug|Any CPU
		Release|Any CPU = Release|Any CPU
	EndGlobalSection
	GlobalSection(ProjectConfigurationPlatforms) = postSolution
		{8509ACE5-EB29-4C93-BFA0-1572E0A3C74B}.Debug|Any CPU.ActiveCfg = Debug|Any CPU
		{8509ACE5-EB29-4C93-BFA0-1572E0A3C74B}.Debug|Any CPU.Build.0 = Debug|Any CPU
		{8509ACE5-EB29-4C93-BFA0-1572E0A3C74B}.Release|Any CPU.ActiveCfg = Release|Any CPU
		{8509ACE5-EB29-4C93-BFA0-1572E0A3C74B}.Release|Any CPU.Build.0 = Release|Any CPU
		{BB4EE488-32D4-4A84-BCAE-31FBAA8DCEBD}.Debug|Any CPU.ActiveCfg = Debug|Any CPU
		{BB4EE488-32D4-4A84-BCAE-31FBAA8DCEBD}.Debug|Any CPU.Build.0 = Debug|Any CPU
		{BB4EE488-32D4-4A84-BCAE-31FBAA8DCEBD}.Release|Any CPU.ActiveCfg = Release|Any CPU
		{BB4EE488-32D4-4A84-BCAE-31FBAA8DCEBD}.Release|Any CPU.Build.0 = Release|Any CPU
	EndGlobalSection
	GlobalSection(SolutionProperties) = preSolution
		HideSolutionNode = FALSE
	EndGlobalSection
EndGlobal
